<?xml version="1.0" encoding="utf-8"?>
<Project ToolsVersion="4.0" xmlns="http://schemas.microsoft.com/developer/msbuild/2003">
  <ItemGroup>
    <Filter Include="src">
      <UniqueIdentifier>{e4ffa132-b527-478c-aa2f-baafb7790611}</UniqueIdentifier>
    </Filter>
    <Filter Include="include">
      <UniqueIdentifier>{d1065e85-b811-4bd0-b2ea-93a5e49583ff}</UniqueIdentifier>
    </Filter>
  </ItemGroup>
  <ItemGroup>
    <ClCompile Include="src\St16c550Driver.cpp">
      <Filter>src</Filter>
    </ClCompile>
  </ItemGroup>
  <ItemGroup>
    <ClInclude Include="include\St16c550Driver.h">
      <Filter>include</Filter>
    </ClInclude>
    <ClInclude Include="include\IBinarySemaphore.h">
      <Filter>include</Filter>
    </ClInclude>
    <ClInclude Include="include\InterruptHandler.h">
      <Filter>include</Filter>
    </ClInclude>
    <ClInclude Include="include\RingBuffer.h">
      <Filter>include</Filter>
    </ClInclude>
  </ItemGroup>
</Project>